# THIS IS AN AUTOGENERATED FILE. DO NOT EDIT THIS FILE DIRECTLY.
# yarn lockfile v1


jspdf-autotable@^3.8.4:
  version "3.8.4"
  resolved "https://registry.yarnpkg.com/jspdf-autotable/-/jspdf-autotable-3.8.4.tgz#f7f05d45532ca94424a59cfa613309fff7c380a5"
  integrity sha512-rSffGoBsJYX83iTRv8Ft7FhqfgEL2nLpGAIiqruEQQ3e4r0qdLFbPUB7N9HAle0I3XgpisvyW751VHCqKUVOgQ==
